
Microsoft Visual Studio Solution File, Format Version 12.00
# Visual Studio Version 17
VisualStudioVersion = 17.2.32616.157
MinimumVisualStudioVersion = 10.0.40219.1
Project("{FAE04EC0-301F-11D3-BF4B-00C04F79EFBC}") = "IDCalibrator", "IDCalibrator\IDCalibrator.csproj", "{B7D7BAB8-9273-47FA-9421-F806DA432285}"
EndProject
Global
	GlobalSection(SolutionConfigurationPlatforms) = preSolution
		Debug|Any CPU = Debug|Any CPU
		Release|Any CPU = Release|Any CPU
	EndGlobalSection
	GlobalSection(ProjectConfigurationPlatforms) = postSolution
		{B7D7BAB8-9273-47FA-9421-F806DA432285}.Debug|Any CPU.ActiveCfg = Debug|Any CPU
		{B7D7BAB8-9273-47FA-9421-F806DA432285}.Debug|Any CPU.Build.0 = Debug|Any CPU
		{B7D7BAB8-9273-47FA-9421-F806DA432285}.Release|Any CPU.ActiveCfg = Release|Any CPU
		{B7D7BAB8-9273-47FA-9421-F806DA432285}.Release|Any CPU.Build.0 = Release|Any CPU
	EndGlobalSection
	GlobalSection(SolutionProperties) = preSolution
		HideSolutionNode = FALSE
	EndGlobalSection
	GlobalSection(ExtensibilityGlobals) = postSolution
		SolutionGuid = {F1061CCE-98B8-4CC0-AC99-E7F22882C083}
	EndGlobalSection
EndGlobal
